# @generated by Move, please check-in and do not edit manually.

[move]
version = 3
manifest_digest = "0A5CC35A79534AE3CBCBEABC653157B19FB1C37CBBE606936A677FAE25D58C4C"
deps_digest = "F8BBB0CCB2491CA29A3DF03D6F92277A4F3574266507ACD77214D37ECA3F3082"
dependencies = [
  { id = "Sui", name = "Sui" },
]

[[move.package]]
id = "MoveStdlib"
source = { git = "https://github.com/MystenLabs/sui.git", rev = "framework/mainnet", subdir = "crates/sui-framework/packages/move-stdlib" }

[[move.package]]
id = "Sui"
source = { git = "https://github.com/MystenLabs/sui.git", rev = "framework/mainnet", subdir = "crates/sui-framework/packages/sui-framework" }

dependencies = [
  { id = "MoveStdlib", name = "MoveStdlib" },
]

[move.toolchain-version]
compiler-version = "1.47.1"
edition = "2024.beta"
flavor = "sui"

[env]

[env.testnet]
chain-id = "4c78adac"
original-published-id = "0x2a2ede7a4600c8e6870344dbf7d1a874a35a34a0cda06c0791a7db73b606489f"
latest-published-id = "0x2a2ede7a4600c8e6870344dbf7d1a874a35a34a0cda06c0791a7db73b606489f"
published-version = "1"

[env.mainnet]
chain-id = "35834a8a"
original-published-id = "0x3ae7744f83b572717ebb2e720da18cda40fadc9e482e211a54d438c9a3061415"
latest-published-id = "0x3ae7744f83b572717ebb2e720da18cda40fadc9e482e211a54d438c9a3061415"
published-version = "1"
