# @generated by Move, please check-in and do not edit manually.

[move]
version = 3
manifest_digest = "E83A55E71AA3E1116B4FA6D0D61021B97A07E415353301624AFFEA72C2D4F55B"
deps_digest = "F8BBB0CCB2491CA29A3DF03D6F92277A4F3574266507ACD77214D37ECA3F3082"
dependencies = [
  { id = "Sui", name = "Sui" },
]

[[move.package]]
id = "MoveStdlib"
source = { git = "https://github.com/MystenLabs/sui.git", rev = "framework/testnet", subdir = "crates/sui-framework/packages/move-stdlib" }

[[move.package]]
id = "Sui"
source = { git = "https://github.com/MystenLabs/sui.git", rev = "framework/testnet", subdir = "crates/sui-framework/packages/sui-framework" }

dependencies = [
  { id = "MoveStdlib", name = "MoveStdlib" },
]

[move.toolchain-version]
compiler-version = "1.48.2"
edition = "2024.beta"
flavor = "sui"

[env]

[env.testnet]
chain-id = "4c78adac"
original-published-id = "0x8163d2671812f0df39bc0aa4cccc874ba7db545e987a6c37d21b391739cf6c68"
latest-published-id = "0x8163d2671812f0df39bc0aa4cccc874ba7db545e987a6c37d21b391739cf6c68"
published-version = "1"

[env.mainnet]
chain-id = "35834a8a"
original-published-id = "0x3ae7744f83b572717ebb2e720da18cda40fadc9e482e211a54d438c9a3061415"
latest-published-id = "0x3ae7744f83b572717ebb2e720da18cda40fadc9e482e211a54d438c9a3061415"
published-version = "1"
